// !$*UTF8*$!
{
	archiveVersion = 1;
	classes = {
	};
	objectVersion = 55;
	objects = {

/* Begin PBXBuildFile section */
		1B2B40EE27406F530013B458 /* AppDelegate.swift in Sources */ = {isa = PBXBuildFile; fileRef = 1B2B40ED27406F530013B458 /* AppDelegate.swift */; };
		1B2B40F027406F530013B458 /* SceneDelegate.swift in Sources */ = {isa = PBXBuildFile; fileRef = 1B2B40EF27406F530013B458 /* SceneDelegate.swift */; };
		1B2B40F527406F530013B458 /* Main.storyboard in Resources */ = {isa = PBXBuildFile; fileRef = 1B2B40F327406F530013B458 /* Main.storyboard */; };
		1B2B40F727406F550013B458 /* Assets.xcassets in Resources */ = {isa = PBXBuildFile; fileRef = 1B2B40F627406F550013B458 /* Assets.xcassets */; };
		1B2B40FA27406F550013B458 /* LaunchScreen.storyboard in Resources */ = {isa = PBXBuildFile; fileRef = 1B2B40F827406F550013B458 /* LaunchScreen.storyboard */; };
		1B2B4103274071E70013B458 /* OrdersTableViewController.swift in Sources */ = {isa = PBXBuildFile; fileRef = 1B2B4102274071E70013B458 /* OrdersTableViewController.swift */; };
		1B2B41052740720F0013B458 /* AddOrderViewController.swift in Sources */ = {isa = PBXBuildFile; fileRef = 1B2B41042740720F0013B458 /* AddOrderViewController.swift */; };
		1B2B4108274099540013B458 /* Webservice.swift in Sources */ = {isa = PBXBuildFile; fileRef = 1B2B4107274099540013B458 /* Webservice.swift */; };
		1B2B410B27409BAC0013B458 /* Order.swift in Sources */ = {isa = PBXBuildFile; fileRef = 1B2B410A27409BAC0013B458 /* Order.swift */; };
		1B2B410E2740A6E30013B458 /* OrderViewModel.swift in Sources */ = {isa = PBXBuildFile; fileRef = 1B2B410D2740A6E30013B458 /* OrderViewModel.swift */; };
		1B2B411027415D700013B458 /* AddCoffeeOrderViewModel.swift in Sources */ = {isa = PBXBuildFile; fileRef = 1B2B410F27415D700013B458 /* AddCoffeeOrderViewModel.swift */; };
/* End PBXBuildFile section */

/* Begin PBXFileReference section */
		1B2B40EA27406F530013B458 /* Coffee.app */ = {isa = PBXFileReference; explicitFileType = wrapper.application; includeInIndex = 0; path = Coffee.app; sourceTree = BUILT_PRODUCTS_DIR; };
		1B2B40ED27406F530013B458 /* AppDelegate.swift */ = {isa = PBXFileReference; lastKnownFileType = sourcecode.swift; path = AppDelegate.swift; sourceTree = "<group>"; };
		1B2B40EF27406F530013B458 /* SceneDelegate.swift */ = {isa = PBXFileReference; lastKnownFileType = sourcecode.swift; path = SceneDelegate.swift; sourceTree = "<group>"; };
		1B2B40F427406F530013B458 /* Base */ = {isa = PBXFileReference; lastKnownFileType = file.storyboard; name = Base; path = Base.lproj/Main.storyboard; sourceTree = "<group>"; };
		1B2B40F627406F550013B458 /* Assets.xcassets */ = {isa = PBXFileReference; lastKnownFileType = folder.assetcatalog; path = Assets.xcassets; sourceTree = "<group>"; };
		1B2B40F927406F550013B458 /* Base */ = {isa = PBXFileReference; lastKnownFileType = file.storyboard; name = Base; path = Base.lproj/LaunchScreen.storyboard; sourceTree = "<group>"; };
		1B2B40FB27406F550013B458 /* Info.plist */ = {isa = PBXFileReference; lastKnownFileType = text.plist.xml; path = Info.plist; sourceTree = "<group>"; };
		1B2B4102274071E70013B458 /* OrdersTableViewController.swift */ = {isa = PBXFileReference; lastKnownFileType = sourcecode.swift; path = OrdersTableViewController.swift; sourceTree = "<group>"; };
		1B2B41042740720F0013B458 /* AddOrderViewController.swift */ = {isa = PBXFileReference; lastKnownFileType = sourcecode.swift; path = AddOrderViewController.swift; sourceTree = "<group>"; };
		1B2B4107274099540013B458 /* Webservice.swift */ = {isa = PBXFileReference; lastKnownFileType = sourcecode.swift; path = Webservice.swift; sourceTree = "<group>"; };
		1B2B410A27409BAC0013B458 /* Order.swift */ = {isa = PBXFileReference; lastKnownFileType = sourcecode.swift; path = Order.swift; sourceTree = "<group>"; };
		1B2B410D2740A6E30013B458 /* OrderViewModel.swift */ = {isa = PBXFileReference; lastKnownFileType = sourcecode.swift; path = OrderViewModel.swift; sourceTree = "<group>"; };
		1B2B410F27415D700013B458 /* AddCoffeeOrderViewModel.swift */ = {isa = PBXFileReference; lastKnownFileType = sourcecode.swift; name = AddCoffeeOrderViewModel.swift; path = "Coffee/View Models/AddCoffeeOrderViewModel.swift"; sourceTree = SOURCE_ROOT; };
/* End PBXFileReference section */

/* Begin PBXFrameworksBuildPhase section */
		1B2B40E727406F530013B458 /* Frameworks */ = {
			isa = PBXFrameworksBuildPhase;
			buildActionMask = 2147483647;
			files = (
			);
			runOnlyForDeploymentPostprocessing = 0;
		};
/* End PBXFrameworksBuildPhase section */

/* Begin PBXGroup section */
		1B2B40E127406F530013B458 = {
			isa = PBXGroup;
			children = (
				1B2B40EC27406F530013B458 /* Coffee */,
				1B2B40EB27406F530013B458 /* Products */,
			);
			sourceTree = "<group>";
		};
		1B2B40EB27406F530013B458 /* Products */ = {
			isa = PBXGroup;
			children = (
				1B2B40EA27406F530013B458 /* Coffee.app */,
			);
			name = Products;
			sourceTree = "<group>";
		};
		1B2B40EC27406F530013B458 /* Coffee */ = {
			isa = PBXGroup;
			children = (
				1B2B410C2740A6D20013B458 /* View Models */,
				1B2B410927409B9D0013B458 /* Models */,
				1B2B41062740992B0013B458 /* Services */,
				1B2B4101274070CD0013B458 /* Controller */,
				1B2B40ED27406F530013B458 /* AppDelegate.swift */,
				1B2B40EF27406F530013B458 /* SceneDelegate.swift */,
				1B2B40F327406F530013B458 /* Main.storyboard */,
				1B2B40F627406F550013B458 /* Assets.xcassets */,
				1B2B40F827406F550013B458 /* LaunchScreen.storyboard */,
				1B2B40FB27406F550013B458 /* Info.plist */,
			);
			path = Coffee;
			sourceTree = "<group>";
		};
		1B2B4101274070CD0013B458 /* Controller */ = {
			isa = PBXGroup;
			children = (
				1B2B4102274071E70013B458 /* OrdersTableViewController.swift */,
				1B2B41042740720F0013B458 /* AddOrderViewController.swift */,
			);
			path = Controller;
			sourceTree = "<group>";
		};
		1B2B41062740992B0013B458 /* Services */ = {
			isa = PBXGroup;
			children = (
				1B2B4107274099540013B458 /* Webservice.swift */,
			);
			path = Services;
			sourceTree = "<group>";
		};
		1B2B410927409B9D0013B458 /* Models */ = {
			isa = PBXGroup;
			children = (
				1B2B410A27409BAC0013B458 /* Order.swift */,
			);
			path = Models;
			sourceTree = "<group>";
		};
		1B2B410C2740A6D20013B458 /* View Models */ = {
			isa = PBXGroup;
			children = (
				1B2B410D2740A6E30013B458 /* OrderViewModel.swift */,
				1B2B410F27415D700013B458 /* AddCoffeeOrderViewModel.swift */,
			);
			path = "View Models";
			sourceTree = "<group>";
		};
/* End PBXGroup section */

/* Begin PBXNativeTarget section */
		1B2B40E927406F530013B458 /* Coffee */ = {
			isa = PBXNativeTarget;
			buildConfigurationList = 1B2B40FE27406F550013B458 /* Build configuration list for PBXNativeTarget "Coffee" */;
			buildPhases = (
				1B2B40E627406F530013B458 /* Sources */,
				1B2B40E727406F530013B458 /* Frameworks */,
				1B2B40E827406F530013B458 /* Resources */,
			);
			buildRules = (
			);
			dependencies = (
			);
			name = Coffee;
			productName = Coffee;
			productReference = 1B2B40EA27406F530013B458 /* Coffee.app */;
			productType = "com.apple.product-type.application";
		};
/* End PBXNativeTarget section */

/* Begin PBXProject section */
		1B2B40E227406F530013B458 /* Project object */ = {
			isa = PBXProject;
			attributes = {
				BuildIndependentTargetsInParallel = 1;
				LastSwiftUpdateCheck = 1300;
				LastUpgradeCheck = 1300;
				TargetAttributes = {
					1B2B40E927406F530013B458 = {
						CreatedOnToolsVersion = 13.0;
					};
				};
			};
			buildConfigurationList = 1B2B40E527406F530013B458 /* Build configuration list for PBXProject "Coffee" */;
			compatibilityVersion = "Xcode 13.0";
			developmentRegion = en;
			hasScannedForEncodings = 0;
			knownRegions = (
				en,
				Base,
			);
			mainGroup = 1B2B40E127406F530013B458;
			productRefGroup = 1B2B40EB27406F530013B458 /* Products */;
			projectDirPath = "";
			projectRoot = "";
			targets = (
				1B2B40E927406F530013B458 /* Coffee */,
			);
		};
/* End PBXProject section */

/* Begin PBXResourcesBuildPhase section */
		1B2B40E827406F530013B458 /* Resources */ = {
			isa = PBXResourcesBuildPhase;
			buildActionMask = 2147483647;
			files = (
				1B2B40FA27406F550013B458 /* LaunchScreen.storyboard in Resources */,
				1B2B40F727406F550013B458 /* Assets.xcassets in Resources */,
				1B2B40F527406F530013B458 /* Main.storyboard in Resources */,
			);
			runOnlyForDeploymentPostprocessing = 0;
		};
/* End PBXResourcesBuildPhase section */

/* Begin PBXSourcesBuildPhase section */
		1B2B40E627406F530013B458 /* Sources */ = {
			isa = PBXSourcesBuildPhase;
			buildActionMask = 2147483647;
			files = (
				1B2B410B27409BAC0013B458 /* Order.swift in Sources */,
				1B2B411027415D700013B458 /* AddCoffeeOrderViewModel.swift in Sources */,
				1B2B40EE27406F530013B458 /* AppDelegate.swift in Sources */,
				1B2B40F027406F530013B458 /* SceneDelegate.swift in Sources */,
				1B2B4103274071E70013B458 /* OrdersTableViewController.swift in Sources */,
				1B2B4108274099540013B458 /* Webservice.swift in Sources */,
				1B2B410E2740A6E30013B458 /* OrderViewModel.swift in Sources */,
				1B2B41052740720F0013B458 /* AddOrderViewController.swift in Sources */,
			);
			runOnlyForDeploymentPostprocessing = 0;
		};
/* End PBXSourcesBuildPhase section */

/* Begin PBXVariantGroup section */
		1B2B40F327406F530013B458 /* Main.storyboard */ = {
			isa = PBXVariantGroup;
			children = (
				1B2B40F427406F530013B458 /* Base */,
			);
			name = Main.storyboard;
			sourceTree = "<group>";
		};
		1B2B40F827406F550013B458 /* LaunchScreen.storyboard */ = {
			isa = PBXVariantGroup;
			children = (
				1B2B40F927406F550013B458 /* Base */,
			);
			name = LaunchScreen.storyboard;
			sourceTree = "<group>";
		};
/* End PBXVariantGroup section */

/* Begin XCBuildConfiguration section */
		1B2B40FC27406F550013B458 /* Debug */ = {
			isa = XCBuildConfiguration;
			buildSettings = {
				ALWAYS_SEARCH_USER_PATHS = NO;
				CLANG_ANALYZER_NONNULL = YES;
				CLANG_ANALYZER_NUMBER_OBJECT_CONVERSION = YES_AGGRESSIVE;
				CLANG_CXX_LANGUAGE_STANDARD = "gnu++17";
				CLANG_CXX_LIBRARY = "libc++";
				CLANG_ENABLE_MODULES = YES;
				CLANG_ENABLE_OBJC_ARC = YES;
				CLANG_ENABLE_OBJC_WEAK = YES;
				CLANG_WARN_BLOCK_CAPTURE_AUTORELEASING = YES;
				CLANG_WARN_BOOL_CONVERSION = YES;
				CLANG_WARN_COMMA = YES;
				CLANG_WARN_CONSTANT_CONVERSION = YES;
				CLANG_WARN_DEPRECATED_OBJC_IMPLEMENTATIONS = YES;
				CLANG_WARN_DIRECT_OBJC_ISA_USAGE = YES_ERROR;
				CLANG_WARN_DOCUMENTATION_COMMENTS = YES;
				CLANG_WARN_EMPTY_BODY = YES;
				CLANG_WARN_ENUM_CONVERSION = YES;
				CLANG_WARN_INFINITE_RECURSION = YES;
				CLANG_WARN_INT_CONVERSION = YES;
				CLANG_WARN_NON_LITERAL_NULL_CONVERSION = YES;
				CLANG_WARN_OBJC_IMPLICIT_RETAIN_SELF = YES;
				CLANG_WARN_OBJC_LITERAL_CONVERSION = YES;
				CLANG_WARN_OBJC_ROOT_CLASS = YES_ERROR;
				CLANG_WARN_QUOTED_INCLUDE_IN_FRAMEWORK_HEADER = YES;
				CLANG_WARN_RANGE_LOOP_ANALYSIS = YES;
				CLANG_WARN_STRICT_PROTOTYPES = YES;
				CLANG_WARN_SUSPICIOUS_MOVE = YES;
				CLANG_WARN_UNGUARDED_AVAILABILITY = YES_AGGRESSIVE;
				CLANG_WARN_UNREACHABLE_CODE = YES;
				CLANG_WARN__DUPLICATE_METHOD_MATCH = YES;
				COPY_PHASE_STRIP = NO;
				DEBUG_INFORMATION_FORMAT = dwarf;
				ENABLE_STRICT_OBJC_MSGSEND = YES;
				ENABLE_TESTABILITY = YES;
				GCC_C_LANGUAGE_STANDARD = gnu11;
				GCC_DYNAMIC_NO_PIC = NO;
				GCC_NO_COMMON_BLOCKS = YES;
				GCC_OPTIMIZATION_LEVEL = 0;
				GCC_PREPROCESSOR_DEFINITIONS = (
					"DEBUG=1",
					"$(inherited)",
				);
				GCC_WARN_64_TO_32_BIT_CONVERSION = YES;
				GCC_WARN_ABOUT_RETURN_TYPE = YES_ERROR;
				GCC_WARN_UNDECLARED_SELECTOR = YES;
				GCC_WARN_UNINITIALIZED_AUTOS = YES_AGGRESSIVE;
				GCC_WARN_UNUSED_FUNCTION = YES;
				GCC_WARN_UNUSED_VARIABLE = YES;
				IPHONEOS_DEPLOYMENT_TARGET = 15.0;
				MTL_ENABLE_DEBUG_INFO = INCLUDE_SOURCE;
				MTL_FAST_MATH = YES;
				ONLY_ACTIVE_ARCH = YES;
				SDKROOT = iphoneos;
				SWIFT_ACTIVE_COMPILATION_CONDITIONS = DEBUG;
				SWIFT_OPTIMIZATION_LEVEL = "-Onone";
			};
			name = Debug;
		};
		1B2B40FD27406F550013B458 /* Release */ = {
			isa = XCBuildConfiguration;
			buildSettings = {
				ALWAYS_SEARCH_USER_PATHS = NO;
				CLANG_ANALYZER_NONNULL = YES;
				CLANG_ANALYZER_NUMBER_OBJECT_CONVERSION = YES_AGGRESSIVE;
				CLANG_CXX_LANGUAGE_STANDARD = "gnu++17";
				CLANG_CXX_LIBRARY = "libc++";
				CLANG_ENABLE_MODULES = YES;
				CLANG_ENABLE_OBJC_ARC = YES;
				CLANG_ENABLE_OBJC_WEAK = YES;
				CLANG_WARN_BLOCK_CAPTURE_AUTORELEASING = YES;
				CLANG_WARN_BOOL_CONVERSION = YES;
				CLANG_WARN_COMMA = YES;
				CLANG_WARN_CONSTANT_CONVERSION = YES;
				CLANG_WARN_DEPRECATED_OBJC_IMPLEMENTATIONS = YES;
				CLANG_WARN_DIRECT_OBJC_ISA_USAGE = YES_ERROR;
				CLANG_WARN_DOCUMENTATION_COMMENTS = YES;
				CLANG_WARN_EMPTY_BODY = YES;
				CLANG_WARN_ENUM_CONVERSION = YES;
				CLANG_WARN_INFINITE_RECURSION = YES;
				CLANG_WARN_INT_CONVERSION = YES;
				CLANG_WARN_NON_LITERAL_NULL_CONVERSION = YES;
				CLANG_WARN_OBJC_IMPLICIT_RETAIN_SELF = YES;
				CLANG_WARN_OBJC_LITERAL_CONVERSION = YES;
				CLANG_WARN_OBJC_ROOT_CLASS = YES_ERROR;
				CLANG_WARN_QUOTED_INCLUDE_IN_FRAMEWORK_HEADER = YES;
				CLANG_WARN_RANGE_LOOP_ANALYSIS = YES;
				CLANG_WARN_STRICT_PROTOTYPES = YES;
				CLANG_WARN_SUSPICIOUS_MOVE = YES;
				CLANG_WARN_UNGUARDED_AVAILABILITY = YES_AGGRESSIVE;
				CLANG_WARN_UNREACHABLE_CODE = YES;
				CLANG_WARN__DUPLICATE_METHOD_MATCH = YES;
				COPY_PHASE_STRIP = NO;
				DEBUG_INFORMATION_FORMAT = "dwarf-with-dsym";
				ENABLE_NS_ASSERTIONS = NO;
				ENABLE_STRICT_OBJC_MSGSEND = YES;
				GCC_C_LANGUAGE_STANDARD = gnu11;
				GCC_NO_COMMON_BLOCKS = YES;
				GCC_WARN_64_TO_32_BIT_CONVERSION = YES;
				GCC_WARN_ABOUT_RETURN_TYPE = YES_ERROR;
				GCC_WARN_UNDECLARED_SELECTOR = YES;
				GCC_WARN_UNINITIALIZED_AUTOS = YES_AGGRESSIVE;
				GCC_WARN_UNUSED_FUNCTION = YES;
				GCC_WARN_UNUSED_VARIABLE = YES;
				IPHONEOS_DEPLOYMENT_TARGET = 15.0;
				MTL_ENABLE_DEBUG_INFO = NO;
				MTL_FAST_MATH = YES;
				SDKROOT = iphoneos;
				SWIFT_COMPILATION_MODE = wholemodule;
				SWIFT_OPTIMIZATION_LEVEL = "-O";
				VALIDATE_PRODUCT = YES;
			};
			name = Release;
		};
		1B2B40FF27406F550013B458 /* Debug */ = {
			isa = XCBuildConfiguration;
			buildSettings = {
				ASSETCATALOG_COMPILER_APPICON_NAME = AppIcon;
				ASSETCATALOG_COMPILER_GLOBAL_ACCENT_COLOR_NAME = AccentColor;
				CODE_SIGN_STYLE = Automatic;
				CURRENT_PROJECT_VERSION = 1;
				DEVELOPMENT_TEAM = X4W7EQ4E4R;
				GENERATE_INFOPLIST_FILE = YES;
				INFOPLIST_FILE = Coffee/Info.plist;
				INFOPLIST_KEY_UIApplicationSupportsIndirectInputEvents = YES;
				INFOPLIST_KEY_UILaunchStoryboardName = LaunchScreen;
				INFOPLIST_KEY_UIMainStoryboardFile = Main;
				INFOPLIST_KEY_UISupportedInterfaceOrientations_iPad = "UIInterfaceOrientationPortrait UIInterfaceOrientationPortraitUpsideDown UIInterfaceOrientationLandscapeLeft UIInterfaceOrientationLandscapeRight";
				INFOPLIST_KEY_UISupportedInterfaceOrientations_iPhone = "UIInterfaceOrientationPortrait UIInterfaceOrientationLandscapeLeft UIInterfaceOrientationLandscapeRight";
				LD_RUNPATH_SEARCH_PATHS = (
					"$(inherited)",
					"@executable_path/Frameworks",
				);
				MARKETING_VERSION = 1.0;
				PRODUCT_BUNDLE_IDENTIFIER = com.michael.Coffee;
				PRODUCT_NAME = "$(TARGET_NAME)";
				SWIFT_EMIT_LOC_STRINGS = YES;
				SWIFT_VERSION = 5.0;
				TARGETED_DEVICE_FAMILY = "1,2";
			};
			name = Debug;
		};
		1B2B410027406F550013B458 /* Release */ = {
			isa = XCBuildConfiguration;
			buildSettings = {
				ASSETCATALOG_COMPILER_APPICON_NAME = AppIcon;
				ASSETCATALOG_COMPILER_GLOBAL_ACCENT_COLOR_NAME = AccentColor;
				CODE_SIGN_STYLE = Automatic;
				CURRENT_PROJECT_VERSION = 1;
				DEVELOPMENT_TEAM = X4W7EQ4E4R;
				GENERATE_INFOPLIST_FILE = YES;
				INFOPLIST_FILE = Coffee/Info.plist;
				INFOPLIST_KEY_UIApplicationSupportsIndirectInputEvents = YES;
				INFOPLIST_KEY_UILaunchStoryboardName = LaunchScreen;
				INFOPLIST_KEY_UIMainStoryboardFile = Main;
				INFOPLIST_KEY_UISupportedInterfaceOrientations_iPad = "UIInterfaceOrientationPortrait UIInterfaceOrientationPortraitUpsideDown UIInterfaceOrientationLandscapeLeft UIInterfaceOrientationLandscapeRight";
				INFOPLIST_KEY_UISupportedInterfaceOrientations_iPhone = "UIInterfaceOrientationPortrait UIInterfaceOrientationLandscapeLeft UIInterfaceOrientationLandscapeRight";
				LD_RUNPATH_SEARCH_PATHS = (
					"$(inherited)",
					"@executable_path/Frameworks",
				);
				MARKETING_VERSION = 1.0;
				PRODUCT_BUNDLE_IDENTIFIER = com.michael.Coffee;
				PRODUCT_NAME = "$(TARGET_NAME)";
				SWIFT_EMIT_LOC_STRINGS = YES;
				SWIFT_VERSION = 5.0;
				TARGETED_DEVICE_FAMILY = "1,2";
			};
			name = Release;
		};
/* End XCBuildConfiguration section */

/* Begin XCConfigurationList section */
		1B2B40E527406F530013B458 /* Build configuration list for PBXProject "Coffee" */ = {
			isa = XCConfigurationList;
			buildConfigurations = (
				1B2B40FC27406F550013B458 /* Debug */,
				1B2B40FD27406F550013B458 /* Release */,
			);
			defaultConfigurationIsVisible = 0;
			defaultConfigurationName = Release;
		};
		1B2B40FE27406F550013B458 /* Build configuration list for PBXNativeTarget "Coffee" */ = {
			isa = XCConfigurationList;
			buildConfigurations = (
				1B2B40FF27406F550013B458 /* Debug */,
				1B2B410027406F550013B458 /* Release */,
			);
			defaultConfigurationIsVisible = 0;
			defaultConfigurationName = Release;
		};
/* End XCConfigurationList section */
	};
	rootObject = 1B2B40E227406F530013B458 /* Project object */;
}
